// !$*UTF8*$!
{
	archiveVersion = 1;
	classes = {
	};
	objectVersion = 56;
	objects = {

/* Begin PBXBuildFile section */
		3F61C8452BF2D2FD001E6309 /* HomeInterface in Frameworks */ = {isa = PBXBuildFile; productRef = 3F61C8442BF2D2FD001E6309 /* HomeInterface */; };
		3FB2B2722BF17F280043407C /* AuthServiceInterface in Frameworks */ = {isa = PBXBuildFile; productRef = 3FB2B2712BF17F280043407C /* AuthServiceInterface */; };
		3FB2B2742BF17F280043407C /* AuthServices in Frameworks */ = {isa = PBXBuildFile; productRef = 3FB2B2732BF17F280043407C /* AuthServices */; };
		3FB2B2762BF17F280043407C /* CommonModels in Frameworks */ = {isa = PBXBuildFile; productRef = 3FB2B2752BF17F280043407C /* CommonModels */; };
		3FB2B2782BF17F280043407C /* Components in Frameworks */ = {isa = PBXBuildFile; productRef = 3FB2B2772BF17F280043407C /* Components */; };
		3FB2B27A2BF17F280043407C /* Home in Frameworks */ = {isa = PBXBuildFile; productRef = 3FB2B2792BF17F280043407C /* Home */; };
		3FB2B27C2BF17F280043407C /* Login in Frameworks */ = {isa = PBXBuildFile; productRef = 3FB2B27B2BF17F280043407C /* Login */; };
		3FB2B27E2BF17F280043407C /* LoginInterface in Frameworks */ = {isa = PBXBuildFile; productRef = 3FB2B27D2BF17F280043407C /* LoginInterface */; };
		3FB2B2802BF17F280043407C /* Register in Frameworks */ = {isa = PBXBuildFile; productRef = 3FB2B27F2BF17F280043407C /* Register */; };
		3FB2B2822BF17F280043407C /* RegisterInterface in Frameworks */ = {isa = PBXBuildFile; productRef = 3FB2B2812BF17F280043407C /* RegisterInterface */; };
		3FDB48632BF169F8001BF8E8 /* AppDelegate.swift in Sources */ = {isa = PBXBuildFile; fileRef = 3FDB48622BF169F8001BF8E8 /* AppDelegate.swift */; };
		3FDB48652BF169F8001BF8E8 /* SceneDelegate.swift in Sources */ = {isa = PBXBuildFile; fileRef = 3FDB48642BF169F8001BF8E8 /* SceneDelegate.swift */; };
		3FDB48672BF169F8001BF8E8 /* AppDependencyConfigurer.swift in Sources */ = {isa = PBXBuildFile; fileRef = 3FDB48662BF169F8001BF8E8 /* AppDependencyConfigurer.swift */; };
		3FDB486C2BF169FA001BF8E8 /* Assets.xcassets in Resources */ = {isa = PBXBuildFile; fileRef = 3FDB486B2BF169FA001BF8E8 /* Assets.xcassets */; };
		3FDB486F2BF169FA001BF8E8 /* Base in Resources */ = {isa = PBXBuildFile; fileRef = 3FDB486E2BF169FA001BF8E8 /* Base */; };
		3FDB48772BF16B46001BF8E8 /* GoogleService-Info.plist in Resources */ = {isa = PBXBuildFile; fileRef = 3FDB48762BF16B46001BF8E8 /* GoogleService-Info.plist */; };
		3FDB487B2BF16B8D001BF8E8 /* RootCoordinator.swift in Sources */ = {isa = PBXBuildFile; fileRef = 3FDB487A2BF16B8D001BF8E8 /* RootCoordinator.swift */; };
		3FDB487D2BF16B97001BF8E8 /* RootTabBarController.swift in Sources */ = {isa = PBXBuildFile; fileRef = 3FDB487C2BF16B97001BF8E8 /* RootTabBarController.swift */; };
		3FDB48A32BF16EEA001BF8E8 /* DependencyContainer in Frameworks */ = {isa = PBXBuildFile; productRef = 3FDB48A22BF16EEA001BF8E8 /* DependencyContainer */; };
		3FDB48A62BF17058001BF8E8 /* FirebaseFirestore in Frameworks */ = {isa = PBXBuildFile; productRef = 3FDB48A52BF17058001BF8E8 /* FirebaseFirestore */; };
		3FDB48A82BF1705E001BF8E8 /* FirebaseAuth in Frameworks */ = {isa = PBXBuildFile; productRef = 3FDB48A72BF1705E001BF8E8 /* FirebaseAuth */; };
/* End PBXBuildFile section */

/* Begin PBXFileReference section */
		3F61C8432BF2D171001E6309 /* HomeInterface */ = {isa = PBXFileReference; lastKnownFileType = wrapper; path = HomeInterface; sourceTree = "<group>"; };
		3FB2B26E2BF176F10043407C /* AuthServiceInterface */ = {isa = PBXFileReference; lastKnownFileType = wrapper; path = AuthServiceInterface; sourceTree = "<group>"; };
		3FB2B26F2BF177980043407C /* AuthServices */ = {isa = PBXFileReference; lastKnownFileType = wrapper; path = AuthServices; sourceTree = "<group>"; };
		3FB2B2702BF178660043407C /* CommonModels */ = {isa = PBXFileReference; lastKnownFileType = wrapper; path = CommonModels; sourceTree = "<group>"; };
		3FDB485F2BF169F8001BF8E8 /* FilaZero.app */ = {isa = PBXFileReference; explicitFileType = wrapper.application; includeInIndex = 0; path = FilaZero.app; sourceTree = BUILT_PRODUCTS_DIR; };
		3FDB48622BF169F8001BF8E8 /* AppDelegate.swift */ = {isa = PBXFileReference; lastKnownFileType = sourcecode.swift; path = AppDelegate.swift; sourceTree = "<group>"; };
		3FDB48642BF169F8001BF8E8 /* SceneDelegate.swift */ = {isa = PBXFileReference; lastKnownFileType = sourcecode.swift; path = SceneDelegate.swift; sourceTree = "<group>"; };
		3FDB48662BF169F8001BF8E8 /* AppDependencyConfigurer.swift */ = {isa = PBXFileReference; lastKnownFileType = sourcecode.swift; path = AppDependencyConfigurer.swift; sourceTree = "<group>"; };
		3FDB486B2BF169FA001BF8E8 /* Assets.xcassets */ = {isa = PBXFileReference; lastKnownFileType = folder.assetcatalog; path = Assets.xcassets; sourceTree = "<group>"; };
		3FDB486E2BF169FA001BF8E8 /* Base */ = {isa = PBXFileReference; lastKnownFileType = file.storyboard; name = Base; path = Base.lproj/LaunchScreen.storyboard; sourceTree = "<group>"; };
		3FDB48702BF169FA001BF8E8 /* Info.plist */ = {isa = PBXFileReference; lastKnownFileType = text.plist.xml; path = Info.plist; sourceTree = "<group>"; };
		3FDB48762BF16B46001BF8E8 /* GoogleService-Info.plist */ = {isa = PBXFileReference; fileEncoding = 4; lastKnownFileType = text.plist.xml; path = "GoogleService-Info.plist"; sourceTree = "<group>"; };
		3FDB487A2BF16B8D001BF8E8 /* RootCoordinator.swift */ = {isa = PBXFileReference; lastKnownFileType = sourcecode.swift; path = RootCoordinator.swift; sourceTree = "<group>"; };
		3FDB487C2BF16B97001BF8E8 /* RootTabBarController.swift */ = {isa = PBXFileReference; lastKnownFileType = sourcecode.swift; path = RootTabBarController.swift; sourceTree = "<group>"; };
		3FDB48A02BF16E87001BF8E8 /* DependencyContainer */ = {isa = PBXFileReference; lastKnownFileType = wrapper; path = DependencyContainer; sourceTree = "<group>"; };
		3FDB48B42BF1716C001BF8E8 /* Login */ = {isa = PBXFileReference; lastKnownFileType = wrapper; path = Login; sourceTree = "<group>"; };
		3FDB48B52BF172D3001BF8E8 /* LoginInterface */ = {isa = PBXFileReference; lastKnownFileType = wrapper; path = LoginInterface; sourceTree = "<group>"; };
		3FDB48B72BF1734B001BF8E8 /* Components */ = {isa = PBXFileReference; lastKnownFileType = wrapper; path = Components; sourceTree = "<group>"; };
		3FDB48C52BF173F6001BF8E8 /* Register */ = {isa = PBXFileReference; lastKnownFileType = wrapper; path = Register; sourceTree = "<group>"; };
		3FDB48C62BF17425001BF8E8 /* RegisterInterface */ = {isa = PBXFileReference; lastKnownFileType = wrapper; path = RegisterInterface; sourceTree = "<group>"; };
		3FDB48D12BF174BC001BF8E8 /* Home */ = {isa = PBXFileReference; lastKnownFileType = wrapper; path = Home; sourceTree = "<group>"; };
/* End PBXFileReference section */

/* Begin PBXFrameworksBuildPhase section */
		3FDB485C2BF169F8001BF8E8 /* Frameworks */ = {
			isa = PBXFrameworksBuildPhase;
			buildActionMask = 2147483647;
			files = (
				3FB2B2722BF17F280043407C /* AuthServiceInterface in Frameworks */,
				3FB2B2802BF17F280043407C /* Register in Frameworks */,
				3FDB48A32BF16EEA001BF8E8 /* DependencyContainer in Frameworks */,
				3FDB48A82BF1705E001BF8E8 /* FirebaseAuth in Frameworks */,
				3FB2B2742BF17F280043407C /* AuthServices in Frameworks */,
				3FB2B27E2BF17F280043407C /* LoginInterface in Frameworks */,
				3FB2B2782BF17F280043407C /* Components in Frameworks */,
				3FB2B2822BF17F280043407C /* RegisterInterface in Frameworks */,
				3FB2B27A2BF17F280043407C /* Home in Frameworks */,
				3FB2B27C2BF17F280043407C /* Login in Frameworks */,
				3F61C8452BF2D2FD001E6309 /* HomeInterface in Frameworks */,
				3FDB48A62BF17058001BF8E8 /* FirebaseFirestore in Frameworks */,
				3FB2B2762BF17F280043407C /* CommonModels in Frameworks */,
			);
			runOnlyForDeploymentPostprocessing = 0;
		};
/* End PBXFrameworksBuildPhase section */

/* Begin PBXGroup section */
		3FDB48562BF169F8001BF8E8 = {
			isa = PBXGroup;
			children = (
				3FDB487E2BF16BDE001BF8E8 /* Packages */,
				3FDB48612BF169F8001BF8E8 /* FilaZero */,
				3FDB48602BF169F8001BF8E8 /* Products */,
				3FDB48A12BF16EEA001BF8E8 /* Frameworks */,
			);
			sourceTree = "<group>";
		};
		3FDB48602BF169F8001BF8E8 /* Products */ = {
			isa = PBXGroup;
			children = (
				3FDB485F2BF169F8001BF8E8 /* FilaZero.app */,
			);
			name = Products;
			sourceTree = "<group>";
		};
		3FDB48612BF169F8001BF8E8 /* FilaZero */ = {
			isa = PBXGroup;
			children = (
				3FDB48782BF16B69001BF8E8 /* Modules */,
				3FDB48622BF169F8001BF8E8 /* AppDelegate.swift */,
				3FDB48642BF169F8001BF8E8 /* SceneDelegate.swift */,
				3FDB48662BF169F8001BF8E8 /* AppDependencyConfigurer.swift */,
				3FDB486B2BF169FA001BF8E8 /* Assets.xcassets */,
				3FDB486D2BF169FA001BF8E8 /* LaunchScreen.storyboard */,
				3FDB48702BF169FA001BF8E8 /* Info.plist */,
				3FDB48762BF16B46001BF8E8 /* GoogleService-Info.plist */,
			);
			path = FilaZero;
			sourceTree = "<group>";
		};
		3FDB48782BF16B69001BF8E8 /* Modules */ = {
			isa = PBXGroup;
			children = (
				3FDB48792BF16B70001BF8E8 /* Root */,
			);
			path = Modules;
			sourceTree = "<group>";
		};
		3FDB48792BF16B70001BF8E8 /* Root */ = {
			isa = PBXGroup;
			children = (
				3FDB487A2BF16B8D001BF8E8 /* RootCoordinator.swift */,
				3FDB487C2BF16B97001BF8E8 /* RootTabBarController.swift */,
			);
			path = Root;
			sourceTree = "<group>";
		};
		3FDB487E2BF16BDE001BF8E8 /* Packages */ = {
			isa = PBXGroup;
			children = (
				3FB2B2702BF178660043407C /* CommonModels */,
				3FDB48D22BF174DA001BF8E8 /* FirebaseServices */,
				3FDB48A92BF170A2001BF8E8 /* Modules */,
				3FDB48A02BF16E87001BF8E8 /* DependencyContainer */,
			);
			path = Packages;
			sourceTree = "<group>";
		};
		3FDB48A12BF16EEA001BF8E8 /* Frameworks */ = {
			isa = PBXGroup;
			children = (
			);
			name = Frameworks;
			sourceTree = "<group>";
		};
		3FDB48A92BF170A2001BF8E8 /* Modules */ = {
			isa = PBXGroup;
			children = (
				3FDB48C72BF1744D001BF8E8 /* Home */,
				3FDB48C42BF173C9001BF8E8 /* Register */,
				3FDB48B62BF1731D001BF8E8 /* Components */,
				3FDB48B32BF17130001BF8E8 /* Login */,
			);
			path = Modules;
			sourceTree = "<group>";
		};
		3FDB48B32BF17130001BF8E8 /* Login */ = {
			isa = PBXGroup;
			children = (
				3FDB48B52BF172D3001BF8E8 /* LoginInterface */,
				3FDB48B42BF1716C001BF8E8 /* Login */,
			);
			path = Login;
			sourceTree = "<group>";
		};
		3FDB48B62BF1731D001BF8E8 /* Components */ = {
			isa = PBXGroup;
			children = (
				3FDB48B72BF1734B001BF8E8 /* Components */,
			);
			path = Components;
			sourceTree = "<group>";
		};
		3FDB48C42BF173C9001BF8E8 /* Register */ = {
			isa = PBXGroup;
			children = (
				3FDB48C62BF17425001BF8E8 /* RegisterInterface */,
				3FDB48C52BF173F6001BF8E8 /* Register */,
			);
			path = Register;
			sourceTree = "<group>";
		};
		3FDB48C72BF1744D001BF8E8 /* Home */ = {
			isa = PBXGroup;
			children = (
				3F61C8432BF2D171001E6309 /* HomeInterface */,
				3FDB48D12BF174BC001BF8E8 /* Home */,
			);
			path = Home;
			sourceTree = "<group>";
		};
		3FDB48D22BF174DA001BF8E8 /* FirebaseServices */ = {
			isa = PBXGroup;
			children = (
				3FDB48D32BF174E2001BF8E8 /* Auth */,
			);
			path = FirebaseServices;
			sourceTree = "<group>";
		};
		3FDB48D32BF174E2001BF8E8 /* Auth */ = {
			isa = PBXGroup;
			children = (
				3FB2B26F2BF177980043407C /* AuthServices */,
				3FB2B26E2BF176F10043407C /* AuthServiceInterface */,
			);
			path = Auth;
			sourceTree = "<group>";
		};
/* End PBXGroup section */

/* Begin PBXNativeTarget section */
		3FDB485E2BF169F8001BF8E8 /* FilaZero */ = {
			isa = PBXNativeTarget;
			buildConfigurationList = 3FDB48732BF169FA001BF8E8 /* Build configuration list for PBXNativeTarget "FilaZero" */;
			buildPhases = (
				3FDB485B2BF169F8001BF8E8 /* Sources */,
				3FDB485C2BF169F8001BF8E8 /* Frameworks */,
				3FDB485D2BF169F8001BF8E8 /* Resources */,
			);
			buildRules = (
			);
			dependencies = (
			);
			name = FilaZero;
			packageProductDependencies = (
				3FDB48A22BF16EEA001BF8E8 /* DependencyContainer */,
				3FDB48A52BF17058001BF8E8 /* FirebaseFirestore */,
				3FDB48A72BF1705E001BF8E8 /* FirebaseAuth */,
				3FB2B2712BF17F280043407C /* AuthServiceInterface */,
				3FB2B2732BF17F280043407C /* AuthServices */,
				3FB2B2752BF17F280043407C /* CommonModels */,
				3FB2B2772BF17F280043407C /* Components */,
				3FB2B2792BF17F280043407C /* Home */,
				3FB2B27B2BF17F280043407C /* Login */,
				3FB2B27D2BF17F280043407C /* LoginInterface */,
				3FB2B27F2BF17F280043407C /* Register */,
				3FB2B2812BF17F280043407C /* RegisterInterface */,
				3F61C8442BF2D2FD001E6309 /* HomeInterface */,
			);
			productName = FilaZero;
			productReference = 3FDB485F2BF169F8001BF8E8 /* FilaZero.app */;
			productType = "com.apple.product-type.application";
		};
/* End PBXNativeTarget section */

/* Begin PBXProject section */
		3FDB48572BF169F8001BF8E8 /* Project object */ = {
			isa = PBXProject;
			attributes = {
				BuildIndependentTargetsInParallel = 1;
				LastSwiftUpdateCheck = 1530;
				LastUpgradeCheck = 1530;
				TargetAttributes = {
					3FDB485E2BF169F8001BF8E8 = {
						CreatedOnToolsVersion = 15.3;
					};
				};
			};
			buildConfigurationList = 3FDB485A2BF169F8001BF8E8 /* Build configuration list for PBXProject "FilaZero" */;
			compatibilityVersion = "Xcode 14.0";
			developmentRegion = en;
			hasScannedForEncodings = 0;
			knownRegions = (
				en,
				Base,
			);
			mainGroup = 3FDB48562BF169F8001BF8E8;
			packageReferences = (
				3FDB48A42BF17049001BF8E8 /* XCRemoteSwiftPackageReference "firebase-ios-sdk" */,
			);
			productRefGroup = 3FDB48602BF169F8001BF8E8 /* Products */;
			projectDirPath = "";
			projectRoot = "";
			targets = (
				3FDB485E2BF169F8001BF8E8 /* FilaZero */,
			);
		};
/* End PBXProject section */

/* Begin PBXResourcesBuildPhase section */
		3FDB485D2BF169F8001BF8E8 /* Resources */ = {
			isa = PBXResourcesBuildPhase;
			buildActionMask = 2147483647;
			files = (
				3FDB486C2BF169FA001BF8E8 /* Assets.xcassets in Resources */,
				3FDB486F2BF169FA001BF8E8 /* Base in Resources */,
				3FDB48772BF16B46001BF8E8 /* GoogleService-Info.plist in Resources */,
			);
			runOnlyForDeploymentPostprocessing = 0;
		};
/* End PBXResourcesBuildPhase section */

/* Begin PBXSourcesBuildPhase section */
		3FDB485B2BF169F8001BF8E8 /* Sources */ = {
			isa = PBXSourcesBuildPhase;
			buildActionMask = 2147483647;
			files = (
				3FDB487B2BF16B8D001BF8E8 /* RootCoordinator.swift in Sources */,
				3FDB487D2BF16B97001BF8E8 /* RootTabBarController.swift in Sources */,
				3FDB48672BF169F8001BF8E8 /* AppDependencyConfigurer.swift in Sources */,
				3FDB48632BF169F8001BF8E8 /* AppDelegate.swift in Sources */,
				3FDB48652BF169F8001BF8E8 /* SceneDelegate.swift in Sources */,
			);
			runOnlyForDeploymentPostprocessing = 0;
		};
/* End PBXSourcesBuildPhase section */

/* Begin PBXVariantGroup section */
		3FDB486D2BF169FA001BF8E8 /* LaunchScreen.storyboard */ = {
			isa = PBXVariantGroup;
			children = (
				3FDB486E2BF169FA001BF8E8 /* Base */,
			);
			name = LaunchScreen.storyboard;
			sourceTree = "<group>";
		};
/* End PBXVariantGroup section */

/* Begin XCBuildConfiguration section */
		3FDB48712BF169FA001BF8E8 /* Debug */ = {
			isa = XCBuildConfiguration;
			buildSettings = {
				ALWAYS_SEARCH_USER_PATHS = NO;
				ASSETCATALOG_COMPILER_GENERATE_SWIFT_ASSET_SYMBOL_EXTENSIONS = YES;
				CLANG_ANALYZER_NONNULL = YES;
				CLANG_ANALYZER_NUMBER_OBJECT_CONVERSION = YES_AGGRESSIVE;
				CLANG_CXX_LANGUAGE_STANDARD = "gnu++20";
				CLANG_ENABLE_MODULES = YES;
				CLANG_ENABLE_OBJC_ARC = YES;
				CLANG_ENABLE_OBJC_WEAK = YES;
				CLANG_WARN_BLOCK_CAPTURE_AUTORELEASING = YES;
				CLANG_WARN_BOOL_CONVERSION = YES;
				CLANG_WARN_COMMA = YES;
				CLANG_WARN_CONSTANT_CONVERSION = YES;
				CLANG_WARN_DEPRECATED_OBJC_IMPLEMENTATIONS = YES;
				CLANG_WARN_DIRECT_OBJC_ISA_USAGE = YES_ERROR;
				CLANG_WARN_DOCUMENTATION_COMMENTS = YES;
				CLANG_WARN_EMPTY_BODY = YES;
				CLANG_WARN_ENUM_CONVERSION = YES;
				CLANG_WARN_INFINITE_RECURSION = YES;
				CLANG_WARN_INT_CONVERSION = YES;
				CLANG_WARN_NON_LITERAL_NULL_CONVERSION = YES;
				CLANG_WARN_OBJC_IMPLICIT_RETAIN_SELF = YES;
				CLANG_WARN_OBJC_LITERAL_CONVERSION = YES;
				CLANG_WARN_OBJC_ROOT_CLASS = YES_ERROR;
				CLANG_WARN_QUOTED_INCLUDE_IN_FRAMEWORK_HEADER = YES;
				CLANG_WARN_RANGE_LOOP_ANALYSIS = YES;
				CLANG_WARN_STRICT_PROTOTYPES = YES;
				CLANG_WARN_SUSPICIOUS_MOVE = YES;
				CLANG_WARN_UNGUARDED_AVAILABILITY = YES_AGGRESSIVE;
				CLANG_WARN_UNREACHABLE_CODE = YES;
				CLANG_WARN__DUPLICATE_METHOD_MATCH = YES;
				COPY_PHASE_STRIP = NO;
				DEBUG_INFORMATION_FORMAT = dwarf;
				ENABLE_STRICT_OBJC_MSGSEND = YES;
				ENABLE_TESTABILITY = YES;
				ENABLE_USER_SCRIPT_SANDBOXING = YES;
				GCC_C_LANGUAGE_STANDARD = gnu17;
				GCC_DYNAMIC_NO_PIC = NO;
				GCC_NO_COMMON_BLOCKS = YES;
				GCC_OPTIMIZATION_LEVEL = 0;
				GCC_PREPROCESSOR_DEFINITIONS = (
					"DEBUG=1",
					"$(inherited)",
				);
				GCC_WARN_64_TO_32_BIT_CONVERSION = YES;
				GCC_WARN_ABOUT_RETURN_TYPE = YES_ERROR;
				GCC_WARN_UNDECLARED_SELECTOR = YES;
				GCC_WARN_UNINITIALIZED_AUTOS = YES_AGGRESSIVE;
				GCC_WARN_UNUSED_FUNCTION = YES;
				GCC_WARN_UNUSED_VARIABLE = YES;
				IPHONEOS_DEPLOYMENT_TARGET = 17.4;
				LOCALIZATION_PREFERS_STRING_CATALOGS = YES;
				MTL_ENABLE_DEBUG_INFO = INCLUDE_SOURCE;
				MTL_FAST_MATH = YES;
				ONLY_ACTIVE_ARCH = YES;
				SDKROOT = iphoneos;
				SWIFT_ACTIVE_COMPILATION_CONDITIONS = "DEBUG $(inherited)";
				SWIFT_OPTIMIZATION_LEVEL = "-Onone";
			};
			name = Debug;
		};
		3FDB48722BF169FA001BF8E8 /* Release */ = {
			isa = XCBuildConfiguration;
			buildSettings = {
				ALWAYS_SEARCH_USER_PATHS = NO;
				ASSETCATALOG_COMPILER_GENERATE_SWIFT_ASSET_SYMBOL_EXTENSIONS = YES;
				CLANG_ANALYZER_NONNULL = YES;
				CLANG_ANALYZER_NUMBER_OBJECT_CONVERSION = YES_AGGRESSIVE;
				CLANG_CXX_LANGUAGE_STANDARD = "gnu++20";
				CLANG_ENABLE_MODULES = YES;
				CLANG_ENABLE_OBJC_ARC = YES;
				CLANG_ENABLE_OBJC_WEAK = YES;
				CLANG_WARN_BLOCK_CAPTURE_AUTORELEASING = YES;
				CLANG_WARN_BOOL_CONVERSION = YES;
				CLANG_WARN_COMMA = YES;
				CLANG_WARN_CONSTANT_CONVERSION = YES;
				CLANG_WARN_DEPRECATED_OBJC_IMPLEMENTATIONS = YES;
				CLANG_WARN_DIRECT_OBJC_ISA_USAGE = YES_ERROR;
				CLANG_WARN_DOCUMENTATION_COMMENTS = YES;
				CLANG_WARN_EMPTY_BODY = YES;
				CLANG_WARN_ENUM_CONVERSION = YES;
				CLANG_WARN_INFINITE_RECURSION = YES;
				CLANG_WARN_INT_CONVERSION = YES;
				CLANG_WARN_NON_LITERAL_NULL_CONVERSION = YES;
				CLANG_WARN_OBJC_IMPLICIT_RETAIN_SELF = YES;
				CLANG_WARN_OBJC_LITERAL_CONVERSION = YES;
				CLANG_WARN_OBJC_ROOT_CLASS = YES_ERROR;
				CLANG_WARN_QUOTED_INCLUDE_IN_FRAMEWORK_HEADER = YES;
				CLANG_WARN_RANGE_LOOP_ANALYSIS = YES;
				CLANG_WARN_STRICT_PROTOTYPES = YES;
				CLANG_WARN_SUSPICIOUS_MOVE = YES;
				CLANG_WARN_UNGUARDED_AVAILABILITY = YES_AGGRESSIVE;
				CLANG_WARN_UNREACHABLE_CODE = YES;
				CLANG_WARN__DUPLICATE_METHOD_MATCH = YES;
				COPY_PHASE_STRIP = NO;
				DEBUG_INFORMATION_FORMAT = "dwarf-with-dsym";
				ENABLE_NS_ASSERTIONS = NO;
				ENABLE_STRICT_OBJC_MSGSEND = YES;
				ENABLE_USER_SCRIPT_SANDBOXING = YES;
				GCC_C_LANGUAGE_STANDARD = gnu17;
				GCC_NO_COMMON_BLOCKS = YES;
				GCC_WARN_64_TO_32_BIT_CONVERSION = YES;
				GCC_WARN_ABOUT_RETURN_TYPE = YES_ERROR;
				GCC_WARN_UNDECLARED_SELECTOR = YES;
				GCC_WARN_UNINITIALIZED_AUTOS = YES_AGGRESSIVE;
				GCC_WARN_UNUSED_FUNCTION = YES;
				GCC_WARN_UNUSED_VARIABLE = YES;
				IPHONEOS_DEPLOYMENT_TARGET = 17.4;
				LOCALIZATION_PREFERS_STRING_CATALOGS = YES;
				MTL_ENABLE_DEBUG_INFO = NO;
				MTL_FAST_MATH = YES;
				SDKROOT = iphoneos;
				SWIFT_COMPILATION_MODE = wholemodule;
				VALIDATE_PRODUCT = YES;
			};
			name = Release;
		};
		3FDB48742BF169FA001BF8E8 /* Debug */ = {
			isa = XCBuildConfiguration;
			buildSettings = {
				ASSETCATALOG_COMPILER_APPICON_NAME = AppIcon;
				ASSETCATALOG_COMPILER_GLOBAL_ACCENT_COLOR_NAME = AccentColor;
				CODE_SIGN_STYLE = Automatic;
				CURRENT_PROJECT_VERSION = 1;
				DEVELOPMENT_TEAM = RK4F97M2PW;
				GENERATE_INFOPLIST_FILE = YES;
				INFOPLIST_FILE = FilaZero/Info.plist;
				INFOPLIST_KEY_UIApplicationSupportsIndirectInputEvents = YES;
				INFOPLIST_KEY_UILaunchStoryboardName = LaunchScreen;
				INFOPLIST_KEY_UISupportedInterfaceOrientations_iPad = "UIInterfaceOrientationPortrait UIInterfaceOrientationPortraitUpsideDown UIInterfaceOrientationLandscapeLeft UIInterfaceOrientationLandscapeRight";
				INFOPLIST_KEY_UISupportedInterfaceOrientations_iPhone = "UIInterfaceOrientationPortrait UIInterfaceOrientationLandscapeLeft UIInterfaceOrientationLandscapeRight";
				LD_RUNPATH_SEARCH_PATHS = (
					"$(inherited)",
					"@executable_path/Frameworks",
				);
				MARKETING_VERSION = 1.0;
				PRODUCT_BUNDLE_IDENTIFIER = com.luanbarroso.FilaZero;
				PRODUCT_NAME = "$(TARGET_NAME)";
				SWIFT_EMIT_LOC_STRINGS = YES;
				SWIFT_VERSION = 5.0;
				TARGETED_DEVICE_FAMILY = "1,2";
			};
			name = Debug;
		};
		3FDB48752BF169FA001BF8E8 /* Release */ = {
			isa = XCBuildConfiguration;
			buildSettings = {
				ASSETCATALOG_COMPILER_APPICON_NAME = AppIcon;
				ASSETCATALOG_COMPILER_GLOBAL_ACCENT_COLOR_NAME = AccentColor;
				CODE_SIGN_STYLE = Automatic;
				CURRENT_PROJECT_VERSION = 1;
				DEVELOPMENT_TEAM = RK4F97M2PW;
				GENERATE_INFOPLIST_FILE = YES;
				INFOPLIST_FILE = FilaZero/Info.plist;
				INFOPLIST_KEY_UIApplicationSupportsIndirectInputEvents = YES;
				INFOPLIST_KEY_UILaunchStoryboardName = LaunchScreen;
				INFOPLIST_KEY_UISupportedInterfaceOrientations_iPad = "UIInterfaceOrientationPortrait UIInterfaceOrientationPortraitUpsideDown UIInterfaceOrientationLandscapeLeft UIInterfaceOrientationLandscapeRight";
				INFOPLIST_KEY_UISupportedInterfaceOrientations_iPhone = "UIInterfaceOrientationPortrait UIInterfaceOrientationLandscapeLeft UIInterfaceOrientationLandscapeRight";
				LD_RUNPATH_SEARCH_PATHS = (
					"$(inherited)",
					"@executable_path/Frameworks",
				);
				MARKETING_VERSION = 1.0;
				PRODUCT_BUNDLE_IDENTIFIER = com.luanbarroso.FilaZero;
				PRODUCT_NAME = "$(TARGET_NAME)";
				SWIFT_EMIT_LOC_STRINGS = YES;
				SWIFT_VERSION = 5.0;
				TARGETED_DEVICE_FAMILY = "1,2";
			};
			name = Release;
		};
/* End XCBuildConfiguration section */

/* Begin XCConfigurationList section */
		3FDB485A2BF169F8001BF8E8 /* Build configuration list for PBXProject "FilaZero" */ = {
			isa = XCConfigurationList;
			buildConfigurations = (
				3FDB48712BF169FA001BF8E8 /* Debug */,
				3FDB48722BF169FA001BF8E8 /* Release */,
			);
			defaultConfigurationIsVisible = 0;
			defaultConfigurationName = Release;
		};
		3FDB48732BF169FA001BF8E8 /* Build configuration list for PBXNativeTarget "FilaZero" */ = {
			isa = XCConfigurationList;
			buildConfigurations = (
				3FDB48742BF169FA001BF8E8 /* Debug */,
				3FDB48752BF169FA001BF8E8 /* Release */,
			);
			defaultConfigurationIsVisible = 0;
			defaultConfigurationName = Release;
		};
/* End XCConfigurationList section */

/* Begin XCRemoteSwiftPackageReference section */
		3FDB48A42BF17049001BF8E8 /* XCRemoteSwiftPackageReference "firebase-ios-sdk" */ = {
			isa = XCRemoteSwiftPackageReference;
			repositoryURL = "https://github.com/firebase/firebase-ios-sdk.git";
			requirement = {
				kind = upToNextMajorVersion;
				minimumVersion = 10.25.0;
			};
		};
/* End XCRemoteSwiftPackageReference section */

/* Begin XCSwiftPackageProductDependency section */
		3F61C8442BF2D2FD001E6309 /* HomeInterface */ = {
			isa = XCSwiftPackageProductDependency;
			productName = HomeInterface;
		};
		3FB2B2712BF17F280043407C /* AuthServiceInterface */ = {
			isa = XCSwiftPackageProductDependency;
			productName = AuthServiceInterface;
		};
		3FB2B2732BF17F280043407C /* AuthServices */ = {
			isa = XCSwiftPackageProductDependency;
			productName = AuthServices;
		};
		3FB2B2752BF17F280043407C /* CommonModels */ = {
			isa = XCSwiftPackageProductDependency;
			productName = CommonModels;
		};
		3FB2B2772BF17F280043407C /* Components */ = {
			isa = XCSwiftPackageProductDependency;
			productName = Components;
		};
		3FB2B2792BF17F280043407C /* Home */ = {
			isa = XCSwiftPackageProductDependency;
			productName = Home;
		};
		3FB2B27B2BF17F280043407C /* Login */ = {
			isa = XCSwiftPackageProductDependency;
			productName = Login;
		};
		3FB2B27D2BF17F280043407C /* LoginInterface */ = {
			isa = XCSwiftPackageProductDependency;
			productName = LoginInterface;
		};
		3FB2B27F2BF17F280043407C /* Register */ = {
			isa = XCSwiftPackageProductDependency;
			productName = Register;
		};
		3FB2B2812BF17F280043407C /* RegisterInterface */ = {
			isa = XCSwiftPackageProductDependency;
			productName = RegisterInterface;
		};
		3FDB48A22BF16EEA001BF8E8 /* DependencyContainer */ = {
			isa = XCSwiftPackageProductDependency;
			productName = DependencyContainer;
		};
		3FDB48A52BF17058001BF8E8 /* FirebaseFirestore */ = {
			isa = XCSwiftPackageProductDependency;
			package = 3FDB48A42BF17049001BF8E8 /* XCRemoteSwiftPackageReference "firebase-ios-sdk" */;
			productName = FirebaseFirestore;
		};
		3FDB48A72BF1705E001BF8E8 /* FirebaseAuth */ = {
			isa = XCSwiftPackageProductDependency;
			package = 3FDB48A42BF17049001BF8E8 /* XCRemoteSwiftPackageReference "firebase-ios-sdk" */;
			productName = FirebaseAuth;
		};
/* End XCSwiftPackageProductDependency section */
	};
	rootObject = 3FDB48572BF169F8001BF8E8 /* Project object */;
}
